# THIS IS AN AUTOGENERATED FILE. DO NOT EDIT THIS FILE DIRECTLY.
# yarn lockfile v1


"@elastic/elasticsearch@8":
  version "8.18.2"
  resolved "https://registry.yarnpkg.com/@elastic/elasticsearch/-/elasticsearch-8.18.2.tgz#0916b6e3b5bde29ad12c2f2a241b14bf7429e4a7"
  integrity sha512-2pOc/hGdxkbaDavfAlnUfjJdVsFRCGqg7fpsWJfJ2UzpgViIyojdViHg8zOCT1J14lAwvDgb9CNETWa3SBZRfw==
  dependencies:
    "@elastic/transport" "^8.9.6"
    apache-arrow "18.x - 19.x"
    tslib "^2.4.0"

"@elastic/transport@^8.9.6":
  version "8.10.0"
  resolved "https://registry.yarnpkg.com/@elastic/transport/-/transport-8.10.0.tgz#9e2cf5b20350a004c802a45a0ea53fd6630647da"
  integrity sha512-Xd62ZtgdrJuaunTLk0LqYtkUtJ3D2/NQ4QyLWPYj0c2h97SNUaNkrQH9lzb6r2P0Bdjx/HwKtW3X8kO5LJ7qEQ==
  dependencies:
    "@opentelemetry/api" "1.x"
    "@opentelemetry/core" "2.x"
    debug "^4.4.1"
    hpagent "^1.2.0"
    ms "^2.1.3"
    secure-json-parse "^3.0.1"
    tslib "^2.8.1"
    undici "^6.21.1"

"@faker-js/faker@^8.4.1":
  version "8.4.1"
  resolved "https://registry.yarnpkg.com/@faker-js/faker/-/faker-8.4.1.tgz#5d5e8aee8fce48f5e189bf730ebd1f758f491451"
  integrity sha512-XQ3cU+Q8Uqmrbf2e0cIC/QN43sTBSC8KF12u29Mb47tWrt2hAgBXSgpZMj4Ao8Uk0iJcU99QsOCaIL8934obCg==

"@opentelemetry/api@1.x":
  version "1.9.0"
  resolved "https://registry.yarnpkg.com/@opentelemetry/api/-/api-1.9.0.tgz#d03eba68273dc0f7509e2a3d5cba21eae10379fe"
  integrity sha512-3giAOQvZiH5F9bMlMiv8+GSPMeqg0dbaeo58/0SlA9sxSqZhnUtxzX9/2FzyhS9sWQf5S0GJE0AKBrFqjpeYcg==

"@opentelemetry/core@2.x":
  version "2.0.1"
  resolved "https://registry.yarnpkg.com/@opentelemetry/core/-/core-2.0.1.tgz#44e1149d5666a4743cde943ef89841db3ce0f8bc"
  integrity sha512-MaZk9SJIDgo1peKevlbhP6+IwIiNPNmswNL4AF0WaQJLbHXjr9SrZMgS12+iqr9ToV4ZVosCcc0f8Rg67LXjxw==
  dependencies:
    "@opentelemetry/semantic-conventions" "^1.29.0"

"@opentelemetry/semantic-conventions@^1.29.0":
  version "1.34.0"
  resolved "https://registry.yarnpkg.com/@opentelemetry/semantic-conventions/-/semantic-conventions-1.34.0.tgz#8b6a46681b38a4d5947214033ac48128328c1738"
  integrity sha512-aKcOkyrorBGlajjRdVoJWHTxfxO1vCNHLJVlSDaRHDIdjU+pX8IYQPvPDkYiujKLbRnWU+1TBwEt0QRgSm4SGA==

"@swc/helpers@^0.5.11":
  version "0.5.17"
  resolved "https://registry.yarnpkg.com/@swc/helpers/-/helpers-0.5.17.tgz#5a7be95ac0f0bf186e7e6e890e7a6f6cda6ce971"
  integrity sha512-5IKx/Y13RsYd+sauPb2x+U/xZikHjolzfuDgTAl/Tdf3Q8rslRvC19NKDLgAJQ6wsqADk10ntlv08nPFw/gO/A==
  dependencies:
    tslib "^2.8.0"

"@types/command-line-args@^5.2.3":
  version "5.2.3"
  resolved "https://registry.yarnpkg.com/@types/command-line-args/-/command-line-args-5.2.3.tgz#553ce2fd5acf160b448d307649b38ffc60d39639"
  integrity sha512-uv0aG6R0Y8WHZLTamZwtfsDLVRnOa+n+n5rEvFWL5Na5gZ8V2Teab/duDPFzIIIhs9qizDpcavCusCLJZu62Kw==

"@types/command-line-usage@^5.0.4":
  version "5.0.4"
  resolved "https://registry.yarnpkg.com/@types/command-line-usage/-/command-line-usage-5.0.4.tgz#374e4c62d78fbc5a670a0f36da10235af879a0d5"
  integrity sha512-BwR5KP3Es/CSht0xqBcUXS3qCAUVXwpRKsV2+arxeb65atasuXG9LykC9Ab10Cw3s2raH92ZqOeILaQbsB2ACg==

"@types/node@^20.13.0":
  version "20.19.4"
  resolved "https://registry.yarnpkg.com/@types/node/-/node-20.19.4.tgz#c4b8ce51a0f675a354225c58980ccacfe0af5d74"
  integrity sha512-OP+We5WV8Xnbuvw0zC2m4qfB/BJvjyCwtNjhHdJxV1639SGSKrLmJkc3fMnp2Qy8nJyHp8RO6umxELN/dS1/EA==
  dependencies:
    undici-types "~6.21.0"

ansi-styles@^4.1.0:
  version "4.3.0"
  resolved "https://registry.yarnpkg.com/ansi-styles/-/ansi-styles-4.3.0.tgz#edd803628ae71c04c85ae7a0906edad34b648937"
  integrity sha512-zbB9rCJAT1rbjiVDb2hqKFHNYLxgtk8NURxZ3IZwD3F6NtxbXZQCnnSi1Lkx+IDohdPlFp222wVALIheZJQSEg==
  dependencies:
    color-convert "^2.0.1"

"apache-arrow@18.x - 19.x":
  version "19.0.1"
  resolved "https://registry.yarnpkg.com/apache-arrow/-/apache-arrow-19.0.1.tgz#aeac6922102e3274f57d97ec72da69d20e55b15c"
  integrity sha512-APmMLzS4qbTivLrPdQXexGM4JRr+0g62QDaobzEvip/FdQIrv2qLy0mD5Qdmw4buydtVJgbFeKR8f59I6PPGDg==
  dependencies:
    "@swc/helpers" "^0.5.11"
    "@types/command-line-args" "^5.2.3"
    "@types/command-line-usage" "^5.0.4"
    "@types/node" "^20.13.0"
    command-line-args "^6.0.1"
    command-line-usage "^7.0.1"
    flatbuffers "^24.3.25"
    json-bignum "^0.0.3"
    tslib "^2.6.2"

array-back@^6.2.2:
  version "6.2.2"
  resolved "https://registry.yarnpkg.com/array-back/-/array-back-6.2.2.tgz#f567d99e9af88a6d3d2f9dfcc21db6f9ba9fd157"
  integrity sha512-gUAZ7HPyb4SJczXAMUXMGAvI976JoK3qEx9v1FTmeYuJj0IBiaKttG1ydtGKdkfqWkIkouke7nG8ufGy77+Cvw==

chalk-template@^0.4.0:
  version "0.4.0"
  resolved "https://registry.yarnpkg.com/chalk-template/-/chalk-template-0.4.0.tgz#692c034d0ed62436b9062c1707fadcd0f753204b"
  integrity sha512-/ghrgmhfY8RaSdeo43hNXxpoHAtxdbskUHjPpfqUWGttFgycUhYPGx3YZBCnUCvOa7Doivn1IZec3DEGFoMgLg==
  dependencies:
    chalk "^4.1.2"

chalk@^4.1.2:
  version "4.1.2"
  resolved "https://registry.yarnpkg.com/chalk/-/chalk-4.1.2.tgz#aac4e2b7734a740867aeb16bf02aad556a1e7a01"
  integrity sha512-oKnbhFyRIXpUuez8iBMmyEa4nbj4IOQyuhc/wy9kY7/WVPcwIO9VA668Pu8RkO7+0G76SLROeyw9CpQ061i4mA==
  dependencies:
    ansi-styles "^4.1.0"
    supports-color "^7.1.0"

color-convert@^2.0.1:
  version "2.0.1"
  resolved "https://registry.yarnpkg.com/color-convert/-/color-convert-2.0.1.tgz#72d3a68d598c9bdb3af2ad1e84f21d896abd4de3"
  integrity sha512-RRECPsj7iu/xb5oKYcsFHSppFNnsj/52OVTRKb4zP5onXwVF3zVmmToNcOfGC+CRDpfK/U584fMg38ZHCaElKQ==
  dependencies:
    color-name "~1.1.4"

color-name@~1.1.4:
  version "1.1.4"
  resolved "https://registry.yarnpkg.com/color-name/-/color-name-1.1.4.tgz#c2a09a87acbde69543de6f63fa3995c826c536a2"
  integrity sha512-dOy+3AuW3a2wNbZHIuMZpTcgjGuLU/uBL/ubcZF9OXbDo8ff4O8yVp5Bf0efS8uEoYo5q4Fx7dY9OgQGXgAsQA==

command-line-args@^6.0.1:
  version "6.0.1"
  resolved "https://registry.yarnpkg.com/command-line-args/-/command-line-args-6.0.1.tgz#cbd1efb4f72b285dbd54bde9a8585c2d9694b070"
  integrity sha512-Jr3eByUjqyK0qd8W0SGFW1nZwqCaNCtbXjRo2cRJC1OYxWl3MZ5t1US3jq+cO4sPavqgw4l9BMGX0CBe+trepg==
  dependencies:
    array-back "^6.2.2"
    find-replace "^5.0.2"
    lodash.camelcase "^4.3.0"
    typical "^7.2.0"

command-line-usage@^7.0.1:
  version "7.0.3"
  resolved "https://registry.yarnpkg.com/command-line-usage/-/command-line-usage-7.0.3.tgz#6bce992354f6af10ecea2b631bfdf0c8b3bfaea3"
  integrity sha512-PqMLy5+YGwhMh1wS04mVG44oqDsgyLRSKJBdOo1bnYhMKBW65gZF1dRp2OZRhiTjgUHljy99qkO7bsctLaw35Q==
  dependencies:
    array-back "^6.2.2"
    chalk-template "^0.4.0"
    table-layout "^4.1.0"
    typical "^7.1.1"

debug@^4.4.1:
  version "4.4.1"
  resolved "https://registry.yarnpkg.com/debug/-/debug-4.4.1.tgz#e5a8bc6cbc4c6cd3e64308b0693a3d4fa550189b"
  integrity sha512-KcKCqiftBJcZr++7ykoDIEwSa3XWowTfNPo92BYxjXiyYEVrUQh2aLyhxBCwww+heortUFxEJYcRzosstTEBYQ==
  dependencies:
    ms "^2.1.3"

faker@^6.6.6:
  version "6.6.6"
  resolved "https://registry.yarnpkg.com/faker/-/faker-6.6.6.tgz#e9529da0109dca4c7c5dbfeaadbd9234af943033"
  integrity sha512-9tCqYEDHI5RYFQigXFwF1hnCwcWCOJl/hmll0lr5D2Ljjb0o4wphb69wikeJDz5qCEzXCoPvG6ss5SDP6IfOdg==

find-replace@^5.0.2:
  version "5.0.2"
  resolved "https://registry.yarnpkg.com/find-replace/-/find-replace-5.0.2.tgz#fe27ff0be05975aef6fc679c1139bbabea564e26"
  integrity sha512-Y45BAiE3mz2QsrN2fb5QEtO4qb44NcS7en/0y9PEVsg351HsLeVclP8QPMH79Le9sH3rs5RSwJu99W0WPZO43Q==

flatbuffers@^24.3.25:
  version "24.12.23"
  resolved "https://registry.yarnpkg.com/flatbuffers/-/flatbuffers-24.12.23.tgz#6eea59d2bcda0c5d59bcacefd6216348b3086883"
  integrity sha512-dLVCAISd5mhls514keQzmEG6QHmUUsNuWsb4tFafIUwvvgDjXhtfAYSKOzt5SWOy+qByV5pbsDZ+Vb7HUOBEdA==

has-flag@^4.0.0:
  version "4.0.0"
  resolved "https://registry.yarnpkg.com/has-flag/-/has-flag-4.0.0.tgz#944771fd9c81c81265c4d6941860da06bb59479b"
  integrity sha512-EykJT/Q1KjTWctppgIAgfSO0tKVuZUjhgMr17kqTumMl6Afv3EISleU7qZUzoXDFTAHTDC4NOoG/ZxU3EvlMPQ==

hpagent@^1.2.0:
  version "1.2.0"
  resolved "https://registry.yarnpkg.com/hpagent/-/hpagent-1.2.0.tgz#0ae417895430eb3770c03443456b8d90ca464903"
  integrity sha512-A91dYTeIB6NoXG+PxTQpCCDDnfHsW9kc06Lvpu1TEe9gnd6ZFeiBoRO9JvzEv6xK7EX97/dUE8g/vBMTqTS3CA==

json-bignum@^0.0.3:
  version "0.0.3"
  resolved "https://registry.yarnpkg.com/json-bignum/-/json-bignum-0.0.3.tgz#41163b50436c773d82424dbc20ed70db7604b8d7"
  integrity sha512-2WHyXj3OfHSgNyuzDbSxI1w2jgw5gkWSWhS7Qg4bWXx1nLk3jnbwfUeS0PSba3IzpTUWdHxBieELUzXRjQB2zg==

lodash.camelcase@^4.3.0:
  version "4.3.0"
  resolved "https://registry.yarnpkg.com/lodash.camelcase/-/lodash.camelcase-4.3.0.tgz#b28aa6288a2b9fc651035c7711f65ab6190331a6"
  integrity sha512-TwuEnCnxbc3rAvhf/LbG7tJUDzhqXyFnv3dtzLOPgCG/hODL7WFnsbwktkD7yUV0RrreP/l1PALq/YSg6VvjlA==

ms@^2.1.3:
  version "2.1.3"
  resolved "https://registry.yarnpkg.com/ms/-/ms-2.1.3.tgz#574c8138ce1d2b5861f0b44579dbadd60c6615b2"
  integrity sha512-6FlzubTLZG3J2a/NVCAleEhjzq5oxgHyaCU9yYXvcLsvoVaHJq/s5xXI6/XXP6tz7R9xAOtHnSO/tXtF3WRTlA==

secure-json-parse@^3.0.1:
  version "3.0.2"
  resolved "https://registry.yarnpkg.com/secure-json-parse/-/secure-json-parse-3.0.2.tgz#255b03bb0627ba5805f64f384b0a7691d8cb021b"
  integrity sha512-H6nS2o8bWfpFEV6U38sOSjS7bTbdgbCGU9wEM6W14P5H0QOsz94KCusifV44GpHDTu2nqZbuDNhTzu+mjDSw1w==

supports-color@^7.1.0:
  version "7.2.0"
  resolved "https://registry.yarnpkg.com/supports-color/-/supports-color-7.2.0.tgz#1b7dcdcb32b8138801b3e478ba6a51caa89648da"
  integrity sha512-qpCAvRl9stuOHveKsn7HncJRvv501qIacKzQlO/+Lwxc9+0q2wLyv4Dfvt80/DPn2pqOBsJdDiogXGR9+OvwRw==
  dependencies:
    has-flag "^4.0.0"

table-layout@^4.1.0:
  version "4.1.1"
  resolved "https://registry.yarnpkg.com/table-layout/-/table-layout-4.1.1.tgz#0f72965de1a5c0c1419c9ba21cae4e73a2f73a42"
  integrity sha512-iK5/YhZxq5GO5z8wb0bY1317uDF3Zjpha0QFFLA8/trAoiLbQD0HUbMesEaxyzUgDxi2QlcbM8IvqOlEjgoXBA==
  dependencies:
    array-back "^6.2.2"
    wordwrapjs "^5.1.0"

tslib@^2.4.0, tslib@^2.6.2, tslib@^2.8.0, tslib@^2.8.1:
  version "2.8.1"
  resolved "https://registry.yarnpkg.com/tslib/-/tslib-2.8.1.tgz#612efe4ed235d567e8aba5f2a5fab70280ade83f"
  integrity sha512-oJFu94HQb+KVduSUQL7wnpmqnfmLsOA/nAh6b6EH0wCEoK0/mPeXU6c3wKDV83MkOuHPRHtSXKKU99IBazS/2w==

typical@^7.1.1, typical@^7.2.0:
  version "7.3.0"
  resolved "https://registry.yarnpkg.com/typical/-/typical-7.3.0.tgz#930376be344228709f134613911fa22aa09617a4"
  integrity sha512-ya4mg/30vm+DOWfBg4YK3j2WD6TWtRkCbasOJr40CseYENzCUby/7rIvXA99JGsQHeNxLbnXdyLLxKSv3tauFw==

undici-types@~6.21.0:
  version "6.21.0"
  resolved "https://registry.yarnpkg.com/undici-types/-/undici-types-6.21.0.tgz#691d00af3909be93a7faa13be61b3a5b50ef12cb"
  integrity sha512-iwDZqg0QAGrg9Rav5H4n0M64c3mkR59cJ6wQp+7C4nI0gsmExaedaYLNO44eT4AtBBwjbTiGPMlt2Md0T9H9JQ==

undici@^6.21.1:
  version "6.21.3"
  resolved "https://registry.yarnpkg.com/undici/-/undici-6.21.3.tgz#185752ad92c3d0efe7a7d1f6854a50f83b552d7a"
  integrity sha512-gBLkYIlEnSp8pFbT64yFgGE6UIB9tAkhukC23PmMDCe5Nd+cRqKxSjw5y54MK2AZMgZfJWMaNE4nYUHgi1XEOw==

uuid@^11.1.0:
  version "11.1.0"
  resolved "https://registry.yarnpkg.com/uuid/-/uuid-11.1.0.tgz#9549028be1753bb934fc96e2bca09bb4105ae912"
  integrity sha512-0/A9rDy9P7cJ+8w1c9WD9V//9Wj15Ce2MPz8Ri6032usz+NfePxx5AcN3bN+r6ZL6jEo066/yNYB3tn4pQEx+A==

wordwrapjs@^5.1.0:
  version "5.1.0"
  resolved "https://registry.yarnpkg.com/wordwrapjs/-/wordwrapjs-5.1.0.tgz#4c4d20446dcc670b14fa115ef4f8fd9947af2b3a"
  integrity sha512-JNjcULU2e4KJwUNv6CHgI46UvDGitb6dGryHajXTDiLgg1/RiGoPSDw4kZfYnwGtEXf2ZMeIewDQgFGzkCB2Sg==
